{
  "name": "project",
  "lockfileVersion": 2,
  "requires": true,
  "packages": {
    "": {
      "dependencies": {
        "html5sortable": "^0.12.1"
      }
    },
    "node_modules/html5sortable": {
      "version": "0.12.1",
      "resolved": "https://registry.npmjs.org/html5sortable/-/html5sortable-0.12.1.tgz",
      "integrity": "sha512-bz8BcYwwGoftA/emkgIOM/CfIKE/Xu/HO+kYlvuevKP+7GfCSnlSCa8osXzUQwYjFFYOYROAOeVt2XBMJPsAlg=="
    }
  },
  "dependencies": {
    "html5sortable": {
      "version": "0.12.1",
      "resolved": "https://registry.npmjs.org/html5sortable/-/html5sortable-0.12.1.tgz",
      "integrity": "sha512-bz8BcYwwGoftA/emkgIOM/CfIKE/Xu/HO+kYlvuevKP+7GfCSnlSCa8osXzUQwYjFFYOYROAOeVt2XBMJPsAlg=="
    }
  }
}
